
Microsoft Visual Studio Solution File, Format Version 12.00
# Visual Studio Version 17
VisualStudioVersion = 17.4.33122.133
MinimumVisualStudioVersion = 10.0.40219.1
Project("{2150E333-8FDC-42A3-9474-1A3956D46DE8}") = "Solution Items", "Solution Items", "{35327538-D573-44F9-BE85-249584DE0EDD}"
	ProjectSection(SolutionItems) = preProject
		docker-compose.override.yml = docker-compose.override.yml
		docker-compose.yml = docker-compose.yml
		global.json = global.json
		scratch.md = scratch.md
	EndProjectSection
EndProject
Project("{2150E333-8FDC-42A3-9474-1A3956D46DE8}") = "src", "src", "{5B01915A-BA89-494F-A042-B81438DEA43A}"
EndProject
Project("{2150E333-8FDC-42A3-9474-1A3956D46DE8}") = "tests", "tests", "{AEA4988F-D619-4829-925D-798986F28DE6}"
EndProject
Project("{2150E333-8FDC-42A3-9474-1A3956D46DE8}") = "ApiGateways", "ApiGateways", "{4AABDA34-BEAA-4E60-85A9-1110B288B8AC}"
EndProject
Project("{2150E333-8FDC-42A3-9474-1A3956D46DE8}") = "BuildingBlocks", "BuildingBlocks", "{38B8B942-1AB8-42DD-945B-C76BF7A8B283}"
EndProject
Project("{2150E333-8FDC-42A3-9474-1A3956D46DE8}") = "Services", "Services", "{22178BA0-1CFC-4B32-8FF5-91E4E07FD157}"
EndProject
Project("{2150E333-8FDC-42A3-9474-1A3956D46DE8}") = "WebApps", "WebApps", "{37048AB7-4E31-45EA-842F-758B4F96CA01}"
EndProject
Project("{FAE04EC0-301F-11D3-BF4B-00C04F79EFBC}") = "Common.Logging", "src\BuildingBlocks\Common.Logging\Common.Logging.csproj", "{C8441E1D-0704-4B85-B20D-14E86D19ECD6}"
EndProject
Project("{FAE04EC0-301F-11D3-BF4B-00C04F79EFBC}") = "EventBus.Messages", "src\BuildingBlocks\EventBus.Messages\EventBus.Messages.csproj", "{BBFDF750-CE61-4AA3-BC4C-3BA6592B076F}"
EndProject
Project("{2150E333-8FDC-42A3-9474-1A3956D46DE8}") = "Product", "Product", "{4503757A-5496-49E3-AF8C-9BFF8DC46241}"
EndProject
Project("{2150E333-8FDC-42A3-9474-1A3956D46DE8}") = "Customer", "Customer", "{93842B95-15B5-49CF-BA0B-BC0E87BF4302}"
EndProject
Project("{2150E333-8FDC-42A3-9474-1A3956D46DE8}") = "Basket", "Basket", "{E393A881-69C0-4A74-BD60-6D29AFD9D60F}"
EndProject
Project("{2150E333-8FDC-42A3-9474-1A3956D46DE8}") = "Ordering", "Ordering", "{84908686-E2E5-40B4-8DFC-B352E5AA66B7}"
EndProject
Project("{2150E333-8FDC-42A3-9474-1A3956D46DE8}") = "Inventory", "Inventory", "{6C8D27B5-F132-42EF-B7B7-400B9010C117}"
EndProject
Project("{2150E333-8FDC-42A3-9474-1A3956D46DE8}") = "ScheduledJob", "ScheduledJob", "{1536463D-A332-4D2B-8424-1FE3159B8DE0}"
EndProject
Project("{FAE04EC0-301F-11D3-BF4B-00C04F79EFBC}") = "WebHealthStatus", "src\WebApps\WebHealthStatus\WebHealthStatus.csproj", "{4F194E00-76C3-4A6F-9756-32C389A503A1}"
EndProject
Project("{FAE04EC0-301F-11D3-BF4B-00C04F79EFBC}") = "Basket.API", "src\Services\Basket.API\Basket.API.csproj", "{E7B303E9-5227-4CFE-AD7C-66816B1D6385}"
EndProject
Project("{FAE04EC0-301F-11D3-BF4B-00C04F79EFBC}") = "Inventory.Product.API", "src\Services\Inventory.Product.API\Inventory.Product.API.csproj", "{05474A8B-5D7D-4591-9472-F8EC2F51A47C}"
EndProject
Project("{FAE04EC0-301F-11D3-BF4B-00C04F79EFBC}") = "Customer.API", "src\Services\Customer.API\Customer.API.csproj", "{32D864FA-CA0B-490A-93AE-94142F574FEE}"
EndProject
Project("{FAE04EC0-301F-11D3-BF4B-00C04F79EFBC}") = "Ordering.API", "src\Services\Ordering.API\Ordering.API.csproj", "{B4533F4F-BC36-4DBB-A6DC-F1994536413F}"
EndProject
Project("{FAE04EC0-301F-11D3-BF4B-00C04F79EFBC}") = "Product.API", "src\Services\Product.API\Product.API.csproj", "{28BF2EFA-119D-47FF-9B45-AACBDB3049EE}"
EndProject
Project("{FAE04EC0-301F-11D3-BF4B-00C04F79EFBC}") = "Hangfire.API", "src\Services\Hangfire.API\Hangfire.API.csproj", "{0C9F5776-4347-4857-878E-B8F215C76B19}"
EndProject
Project("{FAE04EC0-301F-11D3-BF4B-00C04F79EFBC}") = "Contracts", "src\BuildingBlocks\Contracts\Contracts.csproj", "{EEA7822B-949D-4038-9F3D-87AFA9D09C95}"
EndProject
Project("{FAE04EC0-301F-11D3-BF4B-00C04F79EFBC}") = "Infrastructure", "src\BuildingBlocks\Infrastructure\Infrastructure.csproj", "{7B420EC7-C5FE-465B-B932-8B50A5DA48A1}"
EndProject
Project("{FAE04EC0-301F-11D3-BF4B-00C04F79EFBC}") = "Shared", "src\BuildingBlocks\Shared\Shared.csproj", "{B85A14CF-AA45-4489-B77C-9FB7B7264D2A}"
EndProject
Project("{FAE04EC0-301F-11D3-BF4B-00C04F79EFBC}") = "OcelotApiGw", "src\ApiGateways\OcelotApiGw\OcelotApiGw.csproj", "{1D3E2209-27A9-4C64-A197-2689C7F139AD}"
EndProject
Global
	GlobalSection(SolutionConfigurationPlatforms) = preSolution
		Debug|Any CPU = Debug|Any CPU
		Release|Any CPU = Release|Any CPU
	EndGlobalSection
	GlobalSection(ProjectConfigurationPlatforms) = postSolution
		{C8441E1D-0704-4B85-B20D-14E86D19ECD6}.Debug|Any CPU.ActiveCfg = Debug|Any CPU
		{C8441E1D-0704-4B85-B20D-14E86D19ECD6}.Debug|Any CPU.Build.0 = Debug|Any CPU
		{C8441E1D-0704-4B85-B20D-14E86D19ECD6}.Release|Any CPU.ActiveCfg = Release|Any CPU
		{C8441E1D-0704-4B85-B20D-14E86D19ECD6}.Release|Any CPU.Build.0 = Release|Any CPU
		{BBFDF750-CE61-4AA3-BC4C-3BA6592B076F}.Debug|Any CPU.ActiveCfg = Debug|Any CPU
		{BBFDF750-CE61-4AA3-BC4C-3BA6592B076F}.Debug|Any CPU.Build.0 = Debug|Any CPU
		{BBFDF750-CE61-4AA3-BC4C-3BA6592B076F}.Release|Any CPU.ActiveCfg = Release|Any CPU
		{BBFDF750-CE61-4AA3-BC4C-3BA6592B076F}.Release|Any CPU.Build.0 = Release|Any CPU
		{4F194E00-76C3-4A6F-9756-32C389A503A1}.Debug|Any CPU.ActiveCfg = Debug|Any CPU
		{4F194E00-76C3-4A6F-9756-32C389A503A1}.Debug|Any CPU.Build.0 = Debug|Any CPU
		{4F194E00-76C3-4A6F-9756-32C389A503A1}.Release|Any CPU.ActiveCfg = Release|Any CPU
		{4F194E00-76C3-4A6F-9756-32C389A503A1}.Release|Any CPU.Build.0 = Release|Any CPU
		{E7B303E9-5227-4CFE-AD7C-66816B1D6385}.Debug|Any CPU.ActiveCfg = Debug|Any CPU
		{E7B303E9-5227-4CFE-AD7C-66816B1D6385}.Debug|Any CPU.Build.0 = Debug|Any CPU
		{E7B303E9-5227-4CFE-AD7C-66816B1D6385}.Release|Any CPU.ActiveCfg = Release|Any CPU
		{E7B303E9-5227-4CFE-AD7C-66816B1D6385}.Release|Any CPU.Build.0 = Release|Any CPU
		{05474A8B-5D7D-4591-9472-F8EC2F51A47C}.Debug|Any CPU.ActiveCfg = Debug|Any CPU
		{05474A8B-5D7D-4591-9472-F8EC2F51A47C}.Debug|Any CPU.Build.0 = Debug|Any CPU
		{05474A8B-5D7D-4591-9472-F8EC2F51A47C}.Release|Any CPU.ActiveCfg = Release|Any CPU
		{05474A8B-5D7D-4591-9472-F8EC2F51A47C}.Release|Any CPU.Build.0 = Release|Any CPU
		{32D864FA-CA0B-490A-93AE-94142F574FEE}.Debug|Any CPU.ActiveCfg = Debug|Any CPU
		{32D864FA-CA0B-490A-93AE-94142F574FEE}.Debug|Any CPU.Build.0 = Debug|Any CPU
		{32D864FA-CA0B-490A-93AE-94142F574FEE}.Release|Any CPU.ActiveCfg = Release|Any CPU
		{32D864FA-CA0B-490A-93AE-94142F574FEE}.Release|Any CPU.Build.0 = Release|Any CPU
		{B4533F4F-BC36-4DBB-A6DC-F1994536413F}.Debug|Any CPU.ActiveCfg = Debug|Any CPU
		{B4533F4F-BC36-4DBB-A6DC-F1994536413F}.Debug|Any CPU.Build.0 = Debug|Any CPU
		{B4533F4F-BC36-4DBB-A6DC-F1994536413F}.Release|Any CPU.ActiveCfg = Release|Any CPU
		{B4533F4F-BC36-4DBB-A6DC-F1994536413F}.Release|Any CPU.Build.0 = Release|Any CPU
		{28BF2EFA-119D-47FF-9B45-AACBDB3049EE}.Debug|Any CPU.ActiveCfg = Debug|Any CPU
		{28BF2EFA-119D-47FF-9B45-AACBDB3049EE}.Debug|Any CPU.Build.0 = Debug|Any CPU
		{28BF2EFA-119D-47FF-9B45-AACBDB3049EE}.Release|Any CPU.ActiveCfg = Release|Any CPU
		{28BF2EFA-119D-47FF-9B45-AACBDB3049EE}.Release|Any CPU.Build.0 = Release|Any CPU
		{0C9F5776-4347-4857-878E-B8F215C76B19}.Debug|Any CPU.ActiveCfg = Debug|Any CPU
		{0C9F5776-4347-4857-878E-B8F215C76B19}.Debug|Any CPU.Build.0 = Debug|Any CPU
		{0C9F5776-4347-4857-878E-B8F215C76B19}.Release|Any CPU.ActiveCfg = Release|Any CPU
		{0C9F5776-4347-4857-878E-B8F215C76B19}.Release|Any CPU.Build.0 = Release|Any CPU
		{EEA7822B-949D-4038-9F3D-87AFA9D09C95}.Debug|Any CPU.ActiveCfg = Debug|Any CPU
		{EEA7822B-949D-4038-9F3D-87AFA9D09C95}.Debug|Any CPU.Build.0 = Debug|Any CPU
		{EEA7822B-949D-4038-9F3D-87AFA9D09C95}.Release|Any CPU.ActiveCfg = Release|Any CPU
		{EEA7822B-949D-4038-9F3D-87AFA9D09C95}.Release|Any CPU.Build.0 = Release|Any CPU
		{7B420EC7-C5FE-465B-B932-8B50A5DA48A1}.Debug|Any CPU.ActiveCfg = Debug|Any CPU
		{7B420EC7-C5FE-465B-B932-8B50A5DA48A1}.Debug|Any CPU.Build.0 = Debug|Any CPU
		{7B420EC7-C5FE-465B-B932-8B50A5DA48A1}.Release|Any CPU.ActiveCfg = Release|Any CPU
		{7B420EC7-C5FE-465B-B932-8B50A5DA48A1}.Release|Any CPU.Build.0 = Release|Any CPU
		{B85A14CF-AA45-4489-B77C-9FB7B7264D2A}.Debug|Any CPU.ActiveCfg = Debug|Any CPU
		{B85A14CF-AA45-4489-B77C-9FB7B7264D2A}.Debug|Any CPU.Build.0 = Debug|Any CPU
		{B85A14CF-AA45-4489-B77C-9FB7B7264D2A}.Release|Any CPU.ActiveCfg = Release|Any CPU
		{B85A14CF-AA45-4489-B77C-9FB7B7264D2A}.Release|Any CPU.Build.0 = Release|Any CPU
		{1D3E2209-27A9-4C64-A197-2689C7F139AD}.Debug|Any CPU.ActiveCfg = Debug|Any CPU
		{1D3E2209-27A9-4C64-A197-2689C7F139AD}.Debug|Any CPU.Build.0 = Debug|Any CPU
		{1D3E2209-27A9-4C64-A197-2689C7F139AD}.Release|Any CPU.ActiveCfg = Release|Any CPU
		{1D3E2209-27A9-4C64-A197-2689C7F139AD}.Release|Any CPU.Build.0 = Release|Any CPU
	EndGlobalSection
	GlobalSection(SolutionProperties) = preSolution
		HideSolutionNode = FALSE
	EndGlobalSection
	GlobalSection(NestedProjects) = preSolution
		{4AABDA34-BEAA-4E60-85A9-1110B288B8AC} = {5B01915A-BA89-494F-A042-B81438DEA43A}
		{38B8B942-1AB8-42DD-945B-C76BF7A8B283} = {5B01915A-BA89-494F-A042-B81438DEA43A}
		{22178BA0-1CFC-4B32-8FF5-91E4E07FD157} = {5B01915A-BA89-494F-A042-B81438DEA43A}
		{37048AB7-4E31-45EA-842F-758B4F96CA01} = {5B01915A-BA89-494F-A042-B81438DEA43A}
		{C8441E1D-0704-4B85-B20D-14E86D19ECD6} = {38B8B942-1AB8-42DD-945B-C76BF7A8B283}
		{BBFDF750-CE61-4AA3-BC4C-3BA6592B076F} = {38B8B942-1AB8-42DD-945B-C76BF7A8B283}
		{4503757A-5496-49E3-AF8C-9BFF8DC46241} = {22178BA0-1CFC-4B32-8FF5-91E4E07FD157}
		{93842B95-15B5-49CF-BA0B-BC0E87BF4302} = {22178BA0-1CFC-4B32-8FF5-91E4E07FD157}
		{E393A881-69C0-4A74-BD60-6D29AFD9D60F} = {22178BA0-1CFC-4B32-8FF5-91E4E07FD157}
		{84908686-E2E5-40B4-8DFC-B352E5AA66B7} = {22178BA0-1CFC-4B32-8FF5-91E4E07FD157}
		{6C8D27B5-F132-42EF-B7B7-400B9010C117} = {22178BA0-1CFC-4B32-8FF5-91E4E07FD157}
		{1536463D-A332-4D2B-8424-1FE3159B8DE0} = {22178BA0-1CFC-4B32-8FF5-91E4E07FD157}
		{4F194E00-76C3-4A6F-9756-32C389A503A1} = {37048AB7-4E31-45EA-842F-758B4F96CA01}
		{E7B303E9-5227-4CFE-AD7C-66816B1D6385} = {E393A881-69C0-4A74-BD60-6D29AFD9D60F}
		{05474A8B-5D7D-4591-9472-F8EC2F51A47C} = {6C8D27B5-F132-42EF-B7B7-400B9010C117}
		{32D864FA-CA0B-490A-93AE-94142F574FEE} = {93842B95-15B5-49CF-BA0B-BC0E87BF4302}
		{B4533F4F-BC36-4DBB-A6DC-F1994536413F} = {84908686-E2E5-40B4-8DFC-B352E5AA66B7}
		{28BF2EFA-119D-47FF-9B45-AACBDB3049EE} = {4503757A-5496-49E3-AF8C-9BFF8DC46241}
		{0C9F5776-4347-4857-878E-B8F215C76B19} = {1536463D-A332-4D2B-8424-1FE3159B8DE0}
		{EEA7822B-949D-4038-9F3D-87AFA9D09C95} = {38B8B942-1AB8-42DD-945B-C76BF7A8B283}
		{7B420EC7-C5FE-465B-B932-8B50A5DA48A1} = {38B8B942-1AB8-42DD-945B-C76BF7A8B283}
		{B85A14CF-AA45-4489-B77C-9FB7B7264D2A} = {38B8B942-1AB8-42DD-945B-C76BF7A8B283}
		{1D3E2209-27A9-4C64-A197-2689C7F139AD} = {4AABDA34-BEAA-4E60-85A9-1110B288B8AC}
	EndGlobalSection
	GlobalSection(ExtensibilityGlobals) = postSolution
		SolutionGuid = {8121A8D6-A649-4536-BE0A-E67A25CCBDCB}
	EndGlobalSection
EndGlobal
